{
  "requires": true,
  "lockfileVersion": 1,
  "dependencies": {
    "jquery-validation": {
      "version": "1.19.1",
      "resolved": "https://registry.npmjs.org/jquery-validation/-/jquery-validation-1.19.1.tgz",
      "integrity": "sha512-QNnrZBqSltWUEJx+shOY5WtfrIb0gWmDjFfQP8rZKqMMSfpRSwEkSqhfHPvDfkObD8Hnv5KHSYI8yg73sVFdqA=="
    }
  }
}
